
Microsoft Visual Studio Solution File, Format Version 12.00
# Visual Studio Version 17
VisualStudioVersion = 17.4.33213.308
MinimumVisualStudioVersion = 10.0.40219.1
Project("{9A19103F-16F7-4668-BE54-9A1E7A4F7556}") = "ConsoleApp1", "ConsoleApp1\ConsoleApp1.csproj", "{53EB470A-99E8-4DD3-BB1D-E04C67680CFE}"
EndProject
Global
	GlobalSection(SolutionConfigurationPlatforms) = preSolution
		Debug|Any CPU = Debug|Any CPU
		Release|Any CPU = Release|Any CPU
	EndGlobalSection
	GlobalSection(ProjectConfigurationPlatforms) = postSolution
		{53EB470A-99E8-4DD3-BB1D-E04C67680CFE}.Debug|Any CPU.ActiveCfg = Debug|Any CPU
		{53EB470A-99E8-4DD3-BB1D-E04C67680CFE}.Debug|Any CPU.Build.0 = Debug|Any CPU
		{53EB470A-99E8-4DD3-BB1D-E04C67680CFE}.Release|Any CPU.ActiveCfg = Release|Any CPU
		{53EB470A-99E8-4DD3-BB1D-E04C67680CFE}.Release|Any CPU.Build.0 = Release|Any CPU
	EndGlobalSection
	GlobalSection(SolutionProperties) = preSolution
		HideSolutionNode = FALSE
	EndGlobalSection
	GlobalSection(ExtensibilityGlobals) = postSolution
		SolutionGuid = {76D60D4C-6BCD-47E1-92B1-71BFDD0217D6}
	EndGlobalSection
EndGlobal
